Microsoft Visual Studio Solution File, Format Version 12.00
# Visual Studio 11
Project("{8BC9CEB8-8B4A-11D0-8D11-00A0C91BC942}") = "DSfix", "DSfix.vcxproj", "{E004A114-54E0-B15C-BDA5-46681084E257}"
EndProject
Global
	GlobalSection(SolutionConfigurationPlatforms) = preSolution
		Release|Win32 = Release|Win32
	EndGlobalSection
	GlobalSection(ProjectConfigurationPlatforms) = postSolution
		{E004A114-54E0-B15C-BDA5-46681084E257}.Release|Win32.ActiveCfg = Release|Win32
		{E004A114-54E0-B15C-BDA5-46681084E257}.Release|Win32.Build.0 = Release|Win32
	EndGlobalSection
	GlobalSection(SolutionProperties) = preSolution
		HideSolutionNode = FALSE
	EndGlobalSection
EndGlobal
